{
  "name": "plooralistSendTimeNotification",
  "version": "2.0.0",
  "lockfileVersion": 1,
  "requires": true,
  "dependencies": {
    "lodash": {
      "version": "4.17.15",
      "resolved": "https://registry.npmjs.org/lodash/-/lodash-4.17.15.tgz",
      "integrity": "sha512-8xOcRHvCjnocdS5cpwXQXVzmmh5e5+saE2QGoeQmbKmRS6J3VQppPOIt0MnmE+4xlZoumy0GPG0D0MVIQbNA1A=="
    },
    "luxon": {
      "version": "1.21.3",
      "resolved": "https://registry.npmjs.org/luxon/-/luxon-1.21.3.tgz",
      "integrity": "sha512-lLRwNcNnkZLuv13A1FUuZRZmTWF7ro2ricYvb0L9cvBYHPvZhQdKwrYnZzi103D2XKmlVmxWpdn2wfIiOt2YEw==",
      "optional": true
    },
    "rrule": {
      "version": "2.6.4",
      "resolved": "https://registry.npmjs.org/rrule/-/rrule-2.6.4.tgz",
      "integrity": "sha512-sLdnh4lmjUqq8liFiOUXD5kWp/FcnbDLPwq5YAc/RrN6120XOPb86Ae5zxF7ttBVq8O3LxjjORMEit1baluahA==",
      "requires": {
        "luxon": "^1.21.3",
        "tslib": "^1.10.0"
      }
    },
    "tslib": {
      "version": "1.10.0",
      "resolved": "https://registry.npmjs.org/tslib/-/tslib-1.10.0.tgz",
      "integrity": "sha512-qOebF53frne81cf0S9B41ByenJ3/IuH8yJKngAX35CmiZySA0khhkovshKK+jGCaMnVomla7gVlIcc3EvKPbTQ=="
    }
  }
}
